{
    "_meta": {
        "hash": {
            "sha256": "16f58cb9e4c46430fe1eecb15e15099482f5a39ff909a5b4e2e1bf6890ef1f3d"
        },
        "pipfile-spec": 6,
        "requires": {
            "python_version": "3.6"
        },
        "sources": [
            {
                "name": "pypi",
                "url": "https://pypi.org/simple",
                "verify_ssl": true
            }
        ]
    },
    "default": {
        "ruamel.yaml": {
            "hashes": [
                "sha256:36f26a9788f005b70e5f8dd4b42588032f3290884955a19ea21339dd7a2a91bd",
                "sha256:37dc87cd78bb6160606dfbd2b015015cf1441872133950ecb4a837a90d694670",
                "sha256:3a2ae6ac6f1cd7e26dd1c7a5249080ff269a903e43c237e575239bc42c85d65c",
                "sha256:42765a674a5ab4dd7bd6de837c93f2911f6114bb040a07a71379b1577b3b2e36",
                "sha256:57f7578af7a71a562d64f78c4a72589d55d471650c19f0fc54e0d2e6c7e5f1f5",
                "sha256:66692fc9608c3d7002d5502dea45d3c81fb6158781f65de4d984af41a2e800c8",
                "sha256:6719c43f0fb41436759823a7c01258152d18e5f8368e89cd5b1eda5e03734403",
                "sha256:6cc5d81f3dac5bf0d387df68dd973bee80ded42f1f83474e59e948450646a805",
                "sha256:7a42648c994e99a0b59237f1c10eafeb08475db09ecabf92cd1176693782cd23",
                "sha256:7d276cfbbf2a373d6cd02263509b1435ecb7725143a7d3e0bf627f9f3de39bc7",
                "sha256:8bd4c97e44514f1d977576799fdd8e8f2b2654a4cd52c0d91c8b7e1c6bcea9ed",
                "sha256:aa0ca65adf6dfb511e1de9adb04d64a65b7bf2cc007cd942caaa9a004b43dfeb",
                "sha256:aec20e594f604f13e6bd44fff42bfa865ff04b22e93722fc4f744a97bb0bc9cf",
                "sha256:aef5a5816680f4c77f872f7f805bbbafc813e9c9cb3405cc9b7507c1680fe7d3",
                "sha256:b7fbb5574c8e87e5acc4cb201ca84a1cfb8b967543dd7861fb20743977ea0701",
                "sha256:cdce01701ad52a3771393db7feac7d41caa083ba683bd3f16f6647347cab2387",
                "sha256:ebbb6527bf12df4835cf7ab001736ba7af657cbf8814354e36e0b8267fb433ca",
                "sha256:f1c55e2422ff879dbc6751fbd05a38455a7f870351afff29bcc38df336c3b86c",
                "sha256:f6c372edc30b25b884b4bd7556c4eb5b426516e44bf5856601ec5642ffa36905",
                "sha256:f9e07c9ba68a94e8b075e1ecf004c211db864246fc65ddf66976b38e82a5242b",
                "sha256:fa77530ae18c8e4f1b6596eb77a1cdcbac16f400ef6b48ada0c803533deb5c60",
                "sha256:fae2d856c8542a5b5684f1c8f36c538a965068dda39d25a3a82373f05fcf2983"
            ],
            "index": "pypi",
            "version": "==0.15.64"
        }
    },
    "develop": {
        "certifi": {
            "hashes": [
                "sha256:376690d6f16d32f9d1fe8932551d80b23e9d393a8578c5633a2ed39a64861638",
                "sha256:456048c7e371c089d0a77a5212fb37a2c2dce1e24146e3b7e0261736aaeaa22a"
            ],
            "version": "==2018.8.24"
        },
        "chardet": {
            "hashes": [
                "sha256:84ab92ed1c4d4f16916e05906b6b75a6c0fb5db821cc65e70cbd64a3e2a5eaae",
                "sha256:fc323ffcaeaed0e0a02bf4d117757b98aed530d9ed4531e3e15460124c106691"
            ],
            "version": "==3.0.4"
        },
        "idna": {
            "hashes": [
                "sha256:156a6814fb5ac1fc6850fb002e0852d56c0c8d2531923a51032d1b70760e186e",
                "sha256:684a38a6f903c1d71d6d5fac066b58d7768af4de2b832e426ec79c30daa94a16"
            ],
            "version": "==2.7"
        },
        "pkginfo": {
            "hashes": [
                "sha256:5878d542a4b3f237e359926384f1dde4e099c9f5525d236b1840cf704fa8d474",
                "sha256:a39076cb3eb34c333a0dd390b568e9e1e881c7bf2cc0aee12120636816f55aee"
            ],
            "version": "==1.4.2"
        },
        "requests": {
            "hashes": [
                "sha256:63b52e3c866428a224f97cab011de738c36aec0185aa91cfacd418b5d58911d1",
                "sha256:ec22d826a36ed72a7358ff3fe56cbd4ba69dd7a6718ffd450ff0e9df7a47ce6a"
            ],
            "version": "==2.19.1"
        },
        "requests-toolbelt": {
            "hashes": [
                "sha256:42c9c170abc2cacb78b8ab23ac957945c7716249206f90874651971a4acff237",
                "sha256:f6a531936c6fa4c6cfce1b9c10d5c4f498d16528d2a54a22ca00011205a187b5"
            ],
            "version": "==0.8.0"
        },
        "tqdm": {
            "hashes": [
                "sha256:5ef526702c0d265d5a960a3b27f3971fac13c26cf0fb819294bfa71fc6026c88",
                "sha256:a3364bd83ce4777320b862e3c8a93d7da91e20a95f06ef79bed7dd71c654cafa"
            ],
            "markers": "python_version >= '2.6' and python_version != '3.0.*' and python_version != '3.1.*'",
            "version": "==4.25.0"
        },
        "twine": {
            "hashes": [
                "sha256:08eb132bbaec40c6d25b358f546ec1dc96ebd2638a86eea68769d9e67fe2b129",
                "sha256:2fd9a4d9ff0bcacf41fdc40c8cb0cfaef1f1859457c9653fd1b92237cc4e9f25"
            ],
            "index": "pypi",
            "version": "==1.11.0"
        },
        "urllib3": {
            "hashes": [
                "sha256:a68ac5e15e76e7e5dd2b8f94007233e01effe3e50e8daddf69acfd81cb686baf",
                "sha256:b5725a0bd4ba422ab0e66e89e030c806576753ea3ee08554382c14e685d117b5"
            ],
            "markers": "python_version < '4' and python_version != '3.2.*' and python_version >= '2.6' and python_version != '3.3.*' and python_version != '3.0.*' and python_version != '3.1.*'",
            "version": "==1.23"
        },
        "wheel": {
            "hashes": [
                "sha256:0a2e54558a0628f2145d2fc822137e322412115173e8a2ddbe1c9024338ae83c",
                "sha256:80044e51ec5bbf6c894ba0bc48d26a8c20a9ba629f4ca19ea26ecfcf87685f5f"
            ],
            "index": "pypi",
            "version": "==0.31.1"
        }
    }
}
